{
  "name": "documentation",
  "version": "1.0.0",
  "lockfileVersion": 1,
  "requires": true,
  "dependencies": {
    "mkdocs": {
      "version": "0.0.1",
      "resolved": "https://registry.npmjs.org/mkdocs/-/mkdocs-0.0.1.tgz",
      "integrity": "sha1-9aIq/ltH3MG/y1L1tRMHtdlWMoI=",
      "dev": true
    }
  }
}
